// !$*UTF8*$!
{
	archiveVersion = 1;
	classes = {
	};
	objectVersion = 55;
	objects = {

/* Begin PBXBuildFile section */
		046F35F72E6037DB0064D2F6 /* FixSmartApp.swift in Sources */ = {isa = PBXBuildFile; fileRef = 046F35F62E6037DB0064D2F6 /* FixSmartApp.swift */; };
		046F35F92E6037DB0064D2F6 /* ContentView.swift in Sources */ = {isa = PBXBuildFile; fileRef = 046F35F82E6037DB0064D2F6 /* ContentView.swift */; };
		046F35FB2E6037E30064D2F6 /* Assets.xcassets in Resources */ = {isa = PBXBuildFile; fileRef = 046F35FA2E6037E30064D2F6 /* Assets.xcassets */; };
		046F35FE2E6037E30064D2F6 /* Preview Assets.xcassets in Resources */ = {isa = PBXBuildFile; fileRef = 046F35FD2E6037E30064D2F6 /* Preview Assets.xcassets */; };
		046F36002E6037E30064D2F6 /* Persistence.swift in Sources */ = {isa = PBXBuildFile; fileRef = 046F35FF2E6037E30064D2F6 /* Persistence.swift */; };
		046F36032E6037E30064D2F6 /* FixSmart.xcdatamodeld in Sources */ = {isa = PBXBuildFile; fileRef = 046F36012E6037E30064D2F6 /* FixSmart.xcdatamodeld */; };
		046F36042E6037E30064D2F6 /* MainTabView.swift in Sources */ = {isa = PBXBuildFile; fileRef = 046F36032E6037E30064D2F6 /* MainTabView.swift */; };
		046F36052E6037E30064D2F6 /* ReportIssueView.swift in Sources */ = {isa = PBXBuildFile; fileRef = 046F36042E6037E30064D2F6 /* ReportIssueView.swift */; };
		046F36062E6037E30064D2F6 /* LocationManager.swift in Sources */ = {isa = PBXBuildFile; fileRef = 046F36052E6037E30064D2F6 /* LocationManager.swift */; };
		046F36072E6037E30064D2F6 /* TrackIssuesView.swift in Sources */ = {isa = PBXBuildFile; fileRef = 046F36062E6037E30064D2F6 /* TrackIssuesView.swift */; };
		046F36082E6037E30064D2F6 /* IssueDetailView.swift in Sources */ = {isa = PBXBuildFile; fileRef = 046F36072E6037E30064D2F6 /* IssueDetailView.swift */; };
		046F36092E6037E30064D2F6 /* MapView.swift in Sources */ = {isa = PBXBuildFile; fileRef = 046F36082E6037E30064D2F6 /* MapView.swift */; };
		046F360A2E6037E30064D2F6 /* SettingsView.swift in Sources */ = {isa = PBXBuildFile; fileRef = 046F36092E6037E30064D2F6 /* SettingsView.swift */; };
		046F360D2E6037E40064D2F6 /* FixSmartTests.swift in Sources */ = {isa = PBXBuildFile; fileRef = 046F360C2E6037E40064D2F6 /* FixSmartTests.swift */; };
		046F36172E6037E50064D2F6 /* FixSmartUITests.swift in Sources */ = {isa = PBXBuildFile; fileRef = 046F36162E6037E50064D2F6 /* FixSmartUITests.swift */; };
		046F36192E6037E50064D2F6 /* FixSmartUITestsLaunchTests.swift in Sources */ = {isa = PBXBuildFile; fileRef = 046F36182E6037E50064D2F6 /* FixSmartUITestsLaunchTests.swift */; };
/* End PBXBuildFile section */

/* Begin PBXContainerItemProxy section */
		046F36092E6037E40064D2F6 /* PBXContainerItemProxy */ = {
			isa = PBXContainerItemProxy;
			containerPortal = 046F35EB2E6037DB0064D2F6 /* Project object */;
			proxyType = 1;
			remoteGlobalIDString = 046F35F22E6037DB0064D2F6;
			remoteInfo = FixSmart;
		};
		046F36132E6037E50064D2F6 /* PBXContainerItemProxy */ = {
			isa = PBXContainerItemProxy;
			containerPortal = 046F35EB2E6037DB0064D2F6 /* Project object */;
			proxyType = 1;
			remoteGlobalIDString = 046F35F22E6037DB0064D2F6;
			remoteInfo = FixSmart;
		};
/* End PBXContainerItemProxy section */

/* Begin PBXFileReference section */
		046F35F32E6037DB0064D2F6 /* FixSmart.app */ = {isa = PBXFileReference; explicitFileType = wrapper.application; includeInIndex = 0; path = FixSmart.app; sourceTree = BUILT_PRODUCTS_DIR; };
		046F35F62E6037DB0064D2F6 /* FixSmartApp.swift */ = {isa = PBXFileReference; lastKnownFileType = sourcecode.swift; path = FixSmartApp.swift; sourceTree = "<group>"; };
		046F35F82E6037DB0064D2F6 /* ContentView.swift */ = {isa = PBXFileReference; lastKnownFileType = sourcecode.swift; path = ContentView.swift; sourceTree = "<group>"; };
		046F35FA2E6037E30064D2F6 /* Assets.xcassets */ = {isa = PBXFileReference; lastKnownFileType = folder.assetcatalog; path = Assets.xcassets; sourceTree = "<group>"; };
		046F35FD2E6037E30064D2F6 /* Preview Assets.xcassets */ = {isa = PBXFileReference; lastKnownFileType = folder.assetcatalog; path = "Preview Assets.xcassets"; sourceTree = "<group>"; };
		046F35FF2E6037E30064D2F6 /* Persistence.swift */ = {isa = PBXFileReference; lastKnownFileType = sourcecode.swift; path = Persistence.swift; sourceTree = "<group>"; };
		046F36022E6037E30064D2F6 /* FixSmart.xcdatamodel */ = {isa = PBXFileReference; lastKnownFileType = wrapper.xcdatamodel; path = FixSmart.xcdatamodel; sourceTree = "<group>"; };
		046F36032E6037E30064D2F6 /* MainTabView.swift */ = {isa = PBXFileReference; lastKnownFileType = sourcecode.swift; path = MainTabView.swift; sourceTree = "<group>"; };
		046F36042E6037E30064D2F6 /* ReportIssueView.swift */ = {isa = PBXFileReference; lastKnownFileType = sourcecode.swift; path = ReportIssueView.swift; sourceTree = "<group>"; };
		046F36052E6037E30064D2F6 /* LocationManager.swift */ = {isa = PBXFileReference; lastKnownFileType = sourcecode.swift; path = LocationManager.swift; sourceTree = "<group>"; };
		046F36062E6037E30064D2F6 /* TrackIssuesView.swift */ = {isa = PBXFileReference; lastKnownFileType = sourcecode.swift; path = TrackIssuesView.swift; sourceTree = "<group>"; };
		046F36072E6037E30064D2F6 /* IssueDetailView.swift */ = {isa = PBXFileReference; lastKnownFileType = sourcecode.swift; path = IssueDetailView.swift; sourceTree = "<group>"; };
		046F36082E6037E30064D2F6 /* MapView.swift */ = {isa = PBXFileReference; lastKnownFileType = sourcecode.swift; path = MapView.swift; sourceTree = "<group>"; };
		046F36092E6037E30064D2F6 /* SettingsView.swift */ = {isa = PBXFileReference; lastKnownFileType = sourcecode.swift; path = SettingsView.swift; sourceTree = "<group>"; };
		046F36082E6037E40064D2F6 /* FixSmartTests.xctest */ = {isa = PBXFileReference; explicitFileType = wrapper.cfbundle; includeInIndex = 0; path = FixSmartTests.xctest; sourceTree = BUILT_PRODUCTS_DIR; };
		046F360C2E6037E40064D2F6 /* FixSmartTests.swift */ = {isa = PBXFileReference; lastKnownFileType = sourcecode.swift; path = FixSmartTests.swift; sourceTree = "<group>"; };
		046F36122E6037E50064D2F6 /* FixSmartUITests.xctest */ = {isa = PBXFileReference; explicitFileType = wrapper.cfbundle; includeInIndex = 0; path = FixSmartUITests.xctest; sourceTree = BUILT_PRODUCTS_DIR; };
		046F36162E6037E50064D2F6 /* FixSmartUITests.swift */ = {isa = PBXFileReference; lastKnownFileType = sourcecode.swift; path = FixSmartUITests.swift; sourceTree = "<group>"; };
		046F36182E6037E50064D2F6 /* FixSmartUITestsLaunchTests.swift */ = {isa = PBXFileReference; lastKnownFileType = sourcecode.swift; path = FixSmartUITestsLaunchTests.swift; sourceTree = "<group>"; };
/* End PBXFileReference section */

/* Begin PBXFrameworksBuildPhase section */
		046F35F02E6037DB0064D2F6 /* Frameworks */ = {
			isa = PBXFrameworksBuildPhase;
			buildActionMask = 2147483647;
			files = (
			);
			runOnlyForDeploymentPostprocessing = 0;
		};
		046F36052E6037E40064D2F6 /* Frameworks */ = {
			isa = PBXFrameworksBuildPhase;
			buildActionMask = 2147483647;
			files = (
			);
			runOnlyForDeploymentPostprocessing = 0;
		};
		046F360F2E6037E50064D2F6 /* Frameworks */ = {
			isa = PBXFrameworksBuildPhase;
			buildActionMask = 2147483647;
			files = (
			);
			runOnlyForDeploymentPostprocessing = 0;
		};
/* End PBXFrameworksBuildPhase section */

/* Begin PBXGroup section */
		046F35EA2E6037DB0064D2F6 = {
			isa = PBXGroup;
			children = (
				046F35F52E6037DB0064D2F6 /* FixSmart */,
				046F360B2E6037E40064D2F6 /* FixSmartTests */,
				046F36152E6037E50064D2F6 /* FixSmartUITests */,
				046F35F42E6037DB0064D2F6 /* Products */,
			);
			sourceTree = "<group>";
		};
		046F35F42E6037DB0064D2F6 /* Products */ = {
			isa = PBXGroup;
			children = (
				046F35F32E6037DB0064D2F6 /* FixSmart.app */,
				046F36082E6037E40064D2F6 /* FixSmartTests.xctest */,
				046F36122E6037E50064D2F6 /* FixSmartUITests.xctest */,
			);
			name = Products;
			sourceTree = "<group>";
		};
		046F35F52E6037DB0064D2F6 /* FixSmart */ = {
			isa = PBXGroup;
			children = (
				046F35F62E6037DB0064D2F6 /* FixSmartApp.swift */,
				046F35F82E6037DB0064D2F6 /* ContentView.swift */,
				046F36032E6037E30064D2F6 /* MainTabView.swift */,
				046F36042E6037E30064D2F6 /* ReportIssueView.swift */,
				046F36052E6037E30064D2F6 /* LocationManager.swift */,
				046F36062E6037E30064D2F6 /* TrackIssuesView.swift */,
				046F36072E6037E30064D2F6 /* IssueDetailView.swift */,
				046F36082E6037E30064D2F6 /* MapView.swift */,
				046F36092E6037E30064D2F6 /* SettingsView.swift */,
				046F35FA2E6037E30064D2F6 /* Assets.xcassets */,
				046F35FF2E6037E30064D2F6 /* Persistence.swift */,
				046F36012E6037E30064D2F6 /* FixSmart.xcdatamodeld */,
				046F35FC2E6037E30064D2F6 /* Preview Content */,
			);
			path = FixSmart;
			sourceTree = "<group>";
		};
		046F35FC2E6037E30064D2F6 /* Preview Content */ = {
			isa = PBXGroup;
			children = (
				046F35FD2E6037E30064D2F6 /* Preview Assets.xcassets */,
			);
			path = "Preview Content";
			sourceTree = "<group>";
		};
		046F360B2E6037E40064D2F6 /* FixSmartTests */ = {
			isa = PBXGroup;
			children = (
				046F360C2E6037E40064D2F6 /* FixSmartTests.swift */,
			);
			path = FixSmartTests;
			sourceTree = "<group>";
		};
		046F36152E6037E50064D2F6 /* FixSmartUITests */ = {
			isa = PBXGroup;
			children = (
				046F36162E6037E50064D2F6 /* FixSmartUITests.swift */,
				046F36182E6037E50064D2F6 /* FixSmartUITestsLaunchTests.swift */,
			);
			path = FixSmartUITests;
			sourceTree = "<group>";
		};
/* End PBXGroup section */

/* Begin PBXNativeTarget section */
		046F35F22E6037DB0064D2F6 /* FixSmart */ = {
			isa = PBXNativeTarget;
			buildConfigurationList = 046F361C2E6037E50064D2F6 /* Build configuration list for PBXNativeTarget "FixSmart" */;
			buildPhases = (
				046F35EF2E6037DB0064D2F6 /* Sources */,
				046F35F02E6037DB0064D2F6 /* Frameworks */,
				046F35F12E6037DB0064D2F6 /* Resources */,
			);
			buildRules = (
			);
			dependencies = (
			);
			name = FixSmart;
			productName = FixSmart;
			productReference = 046F35F32E6037DB0064D2F6 /* FixSmart.app */;
			productType = "com.apple.product-type.application";
		};
		046F36072E6037E40064D2F6 /* FixSmartTests */ = {
			isa = PBXNativeTarget;
			buildConfigurationList = 046F361F2E6037E50064D2F6 /* Build configuration list for PBXNativeTarget "FixSmartTests" */;
			buildPhases = (
				046F36042E6037E40064D2F6 /* Sources */,
				046F36052E6037E40064D2F6 /* Frameworks */,
				046F36062E6037E40064D2F6 /* Resources */,
			);
			buildRules = (
			);
			dependencies = (
				046F360A2E6037E40064D2F6 /* PBXTargetDependency */,
			);
			name = FixSmartTests;
			productName = FixSmartTests;
			productReference = 046F36082E6037E40064D2F6 /* FixSmartTests.xctest */;
			productType = "com.apple.product-type.bundle.unit-test";
		};
		046F36112E6037E50064D2F6 /* FixSmartUITests */ = {
			isa = PBXNativeTarget;
			buildConfigurationList = 046F36222E6037E50064D2F6 /* Build configuration list for PBXNativeTarget "FixSmartUITests" */;
			buildPhases = (
				046F360E2E6037E50064D2F6 /* Sources */,
				046F360F2E6037E50064D2F6 /* Frameworks */,
				046F36102E6037E50064D2F6 /* Resources */,
			);
			buildRules = (
			);
			dependencies = (
				046F36142E6037E50064D2F6 /* PBXTargetDependency */,
			);
			name = FixSmartUITests;
			productName = FixSmartUITests;
			productReference = 046F36122E6037E50064D2F6 /* FixSmartUITests.xctest */;
			productType = "com.apple.product-type.bundle.ui-testing";
		};
/* End PBXNativeTarget section */

/* Begin PBXProject section */
		046F35EB2E6037DB0064D2F6 /* Project object */ = {
			isa = PBXProject;
			attributes = {
				BuildIndependentTargetsInParallel = 1;
				LastSwiftUpdateCheck = 1320;
				LastUpgradeCheck = 1320;
				TargetAttributes = {
					046F35F22E6037DB0064D2F6 = {
						CreatedOnToolsVersion = 13.2.1;
					};
					046F36072E6037E40064D2F6 = {
						CreatedOnToolsVersion = 13.2.1;
						TestTargetID = 046F35F22E6037DB0064D2F6;
					};
					046F36112E6037E50064D2F6 = {
						CreatedOnToolsVersion = 13.2.1;
						TestTargetID = 046F35F22E6037DB0064D2F6;
					};
				};
			};
			buildConfigurationList = 046F35EE2E6037DB0064D2F6 /* Build configuration list for PBXProject "FixSmart" */;
			compatibilityVersion = "Xcode 13.0";
			developmentRegion = en;
			hasScannedForEncodings = 0;
			knownRegions = (
				en,
				Base,
			);
			mainGroup = 046F35EA2E6037DB0064D2F6;
			productRefGroup = 046F35F42E6037DB0064D2F6 /* Products */;
			projectDirPath = "";
			projectRoot = "";
			targets = (
				046F35F22E6037DB0064D2F6 /* FixSmart */,
				046F36072E6037E40064D2F6 /* FixSmartTests */,
				046F36112E6037E50064D2F6 /* FixSmartUITests */,
			);
		};
/* End PBXProject section */

/* Begin PBXResourcesBuildPhase section */
		046F35F12E6037DB0064D2F6 /* Resources */ = {
			isa = PBXResourcesBuildPhase;
			buildActionMask = 2147483647;
			files = (
				046F35FE2E6037E30064D2F6 /* Preview Assets.xcassets in Resources */,
				046F35FB2E6037E30064D2F6 /* Assets.xcassets in Resources */,
			);
			runOnlyForDeploymentPostprocessing = 0;
		};
		046F36062E6037E40064D2F6 /* Resources */ = {
			isa = PBXResourcesBuildPhase;
			buildActionMask = 2147483647;
			files = (
			);
			runOnlyForDeploymentPostprocessing = 0;
		};
		046F36102E6037E50064D2F6 /* Resources */ = {
			isa = PBXResourcesBuildPhase;
			buildActionMask = 2147483647;
			files = (
			);
			runOnlyForDeploymentPostprocessing = 0;
		};
/* End PBXResourcesBuildPhase section */

/* Begin PBXSourcesBuildPhase section */
		046F35EF2E6037DB0064D2F6 /* Sources */ = {
			isa = PBXSourcesBuildPhase;
			buildActionMask = 2147483647;
			files = (
				046F36002E6037E30064D2F6 /* Persistence.swift in Sources */,
				046F35F92E6037DB0064D2F6 /* ContentView.swift in Sources */,
				046F35F72E6037DB0064D2F6 /* FixSmartApp.swift in Sources */,
				046F36032E6037E30064D2F6 /* FixSmart.xcdatamodeld in Sources */,
				046F36042E6037E30064D2F6 /* MainTabView.swift in Sources */,
				046F36052E6037E30064D2F6 /* ReportIssueView.swift in Sources */,
				046F36062E6037E30064D2F6 /* LocationManager.swift in Sources */,
				046F36072E6037E30064D2F6 /* TrackIssuesView.swift in Sources */,
				046F36082E6037E30064D2F6 /* IssueDetailView.swift in Sources */,
				046F36092E6037E30064D2F6 /* MapView.swift in Sources */,
				046F360A2E6037E30064D2F6 /* SettingsView.swift in Sources */,
			);
			runOnlyForDeploymentPostprocessing = 0;
		};
		046F36042E6037E40064D2F6 /* Sources */ = {
			isa = PBXSourcesBuildPhase;
			buildActionMask = 2147483647;
			files = (
				046F360D2E6037E40064D2F6 /* FixSmartTests.swift in Sources */,
			);
			runOnlyForDeploymentPostprocessing = 0;
		};
		046F360E2E6037E50064D2F6 /* Sources */ = {
			isa = PBXSourcesBuildPhase;
			buildActionMask = 2147483647;
			files = (
				046F36192E6037E50064D2F6 /* FixSmartUITestsLaunchTests.swift in Sources */,
				046F36172E6037E50064D2F6 /* FixSmartUITests.swift in Sources */,
			);
			runOnlyForDeploymentPostprocessing = 0;
		};
/* End PBXSourcesBuildPhase section */

/* Begin PBXTargetDependency section */
		046F360A2E6037E40064D2F6 /* PBXTargetDependency */ = {
			isa = PBXTargetDependency;
			target = 046F35F22E6037DB0064D2F6 /* FixSmart */;
			targetProxy = 046F36092E6037E40064D2F6 /* PBXContainerItemProxy */;
		};
		046F36142E6037E50064D2F6 /* PBXTargetDependency */ = {
			isa = PBXTargetDependency;
			target = 046F35F22E6037DB0064D2F6 /* FixSmart */;
			targetProxy = 046F36132E6037E50064D2F6 /* PBXContainerItemProxy */;
		};
/* End PBXTargetDependency section */

/* Begin XCBuildConfiguration section */
		046F361A2E6037E50064D2F6 /* Debug */ = {
			isa = XCBuildConfiguration;
			buildSettings = {
				ALWAYS_SEARCH_USER_PATHS = NO;
				CLANG_ANALYZER_NONNULL = YES;
				CLANG_ANALYZER_NUMBER_OBJECT_CONVERSION = YES_AGGRESSIVE;
				CLANG_CXX_LANGUAGE_STANDARD = "gnu++17";
				CLANG_CXX_LIBRARY = "libc++";
				CLANG_ENABLE_MODULES = YES;
				CLANG_ENABLE_OBJC_ARC = YES;
				CLANG_ENABLE_OBJC_WEAK = YES;
				CLANG_WARN_BLOCK_CAPTURE_AUTORELEASING = YES;
				CLANG_WARN_BOOL_CONVERSION = YES;
				CLANG_WARN_COMMA = YES;
				CLANG_WARN_CONSTANT_CONVERSION = YES;
				CLANG_WARN_DEPRECATED_OBJC_IMPLEMENTATIONS = YES;
				CLANG_WARN_DIRECT_OBJC_ISA_USAGE = YES_ERROR;
				CLANG_WARN_DOCUMENTATION_COMMENTS = YES;
				CLANG_WARN_EMPTY_BODY = YES;
				CLANG_WARN_ENUM_CONVERSION = YES;
				CLANG_WARN_INFINITE_RECURSION = YES;
				CLANG_WARN_INT_CONVERSION = YES;
				CLANG_WARN_NON_LITERAL_NULL_CONVERSION = YES;
				CLANG_WARN_OBJC_IMPLICIT_RETAIN_SELF = YES;
				CLANG_WARN_OBJC_LITERAL_CONVERSION = YES;
				CLANG_WARN_OBJC_ROOT_CLASS = YES_ERROR;
				CLANG_WARN_QUOTED_INCLUDE_IN_FRAMEWORK_HEADER = YES;
				CLANG_WARN_RANGE_LOOP_ANALYSIS = YES;
				CLANG_WARN_STRICT_PROTOTYPES = YES;
				CLANG_WARN_SUSPICIOUS_MOVE = YES;
				CLANG_WARN_UNGUARDED_AVAILABILITY = YES_AGGRESSIVE;
				CLANG_WARN_UNREACHABLE_CODE = YES;
				CLANG_WARN__DUPLICATE_METHOD_MATCH = YES;
				COPY_PHASE_STRIP = NO;
				DEBUG_INFORMATION_FORMAT = dwarf;
				ENABLE_STRICT_OBJC_MSGSEND = YES;
				ENABLE_TESTABILITY = YES;
				GCC_C_LANGUAGE_STANDARD = gnu11;
				GCC_DYNAMIC_NO_PIC = NO;
				GCC_NO_COMMON_BLOCKS = YES;
				GCC_OPTIMIZATION_LEVEL = 0;
				GCC_PREPROCESSOR_DEFINITIONS = (
					"DEBUG=1",
					"$(inherited)",
				);
				GCC_WARN_64_TO_32_BIT_CONVERSION = YES;
				GCC_WARN_ABOUT_RETURN_TYPE = YES_ERROR;
				GCC_WARN_UNDECLARED_SELECTOR = YES;
				GCC_WARN_UNINITIALIZED_AUTOS = YES_AGGRESSIVE;
				GCC_WARN_UNUSED_FUNCTION = YES;
				GCC_WARN_UNUSED_VARIABLE = YES;
				IPHONEOS_DEPLOYMENT_TARGET = 15.2;
				MTL_ENABLE_DEBUG_INFO = INCLUDE_SOURCE;
				MTL_FAST_MATH = YES;
				ONLY_ACTIVE_ARCH = YES;
				SDKROOT = iphoneos;
				SWIFT_ACTIVE_COMPILATION_CONDITIONS = DEBUG;
				SWIFT_OPTIMIZATION_LEVEL = "-Onone";
			};
			name = Debug;
		};
		046F361B2E6037E50064D2F6 /* Release */ = {
			isa = XCBuildConfiguration;
			buildSettings = {
				ALWAYS_SEARCH_USER_PATHS = NO;
				CLANG_ANALYZER_NONNULL = YES;
				CLANG_ANALYZER_NUMBER_OBJECT_CONVERSION = YES_AGGRESSIVE;
				CLANG_CXX_LANGUAGE_STANDARD = "gnu++17";
				CLANG_CXX_LIBRARY = "libc++";
				CLANG_ENABLE_MODULES = YES;
				CLANG_ENABLE_OBJC_ARC = YES;
				CLANG_ENABLE_OBJC_WEAK = YES;
				CLANG_WARN_BLOCK_CAPTURE_AUTORELEASING = YES;
				CLANG_WARN_BOOL_CONVERSION = YES;
				CLANG_WARN_COMMA = YES;
				CLANG_WARN_CONSTANT_CONVERSION = YES;
				CLANG_WARN_DEPRECATED_OBJC_IMPLEMENTATIONS = YES;
				CLANG_WARN_DIRECT_OBJC_ISA_USAGE = YES_ERROR;
				CLANG_WARN_DOCUMENTATION_COMMENTS = YES;
				CLANG_WARN_EMPTY_BODY = YES;
				CLANG_WARN_ENUM_CONVERSION = YES;
				CLANG_WARN_INFINITE_RECURSION = YES;
				CLANG_WARN_INT_CONVERSION = YES;
				CLANG_WARN_NON_LITERAL_NULL_CONVERSION = YES;
				CLANG_WARN_OBJC_IMPLICIT_RETAIN_SELF = YES;
				CLANG_WARN_OBJC_LITERAL_CONVERSION = YES;
				CLANG_WARN_OBJC_ROOT_CLASS = YES_ERROR;
				CLANG_WARN_QUOTED_INCLUDE_IN_FRAMEWORK_HEADER = YES;
				CLANG_WARN_RANGE_LOOP_ANALYSIS = YES;
				CLANG_WARN_STRICT_PROTOTYPES = YES;
				CLANG_WARN_SUSPICIOUS_MOVE = YES;
				CLANG_WARN_UNGUARDED_AVAILABILITY = YES_AGGRESSIVE;
				CLANG_WARN_UNREACHABLE_CODE = YES;
				CLANG_WARN__DUPLICATE_METHOD_MATCH = YES;
				COPY_PHASE_STRIP = NO;
				DEBUG_INFORMATION_FORMAT = "dwarf-with-dsym";
				ENABLE_NS_ASSERTIONS = NO;
				ENABLE_STRICT_OBJC_MSGSEND = YES;
				GCC_C_LANGUAGE_STANDARD = gnu11;
				GCC_NO_COMMON_BLOCKS = YES;
				GCC_WARN_64_TO_32_BIT_CONVERSION = YES;
				GCC_WARN_ABOUT_RETURN_TYPE = YES_ERROR;
				GCC_WARN_UNDECLARED_SELECTOR = YES;
				GCC_WARN_UNINITIALIZED_AUTOS = YES_AGGRESSIVE;
				GCC_WARN_UNUSED_FUNCTION = YES;
				GCC_WARN_UNUSED_VARIABLE = YES;
				IPHONEOS_DEPLOYMENT_TARGET = 15.2;
				MTL_ENABLE_DEBUG_INFO = NO;
				MTL_FAST_MATH = YES;
				SDKROOT = iphoneos;
				SWIFT_COMPILATION_MODE = wholemodule;
				SWIFT_OPTIMIZATION_LEVEL = "-O";
				VALIDATE_PRODUCT = YES;
			};
			name = Release;
		};
		046F361D2E6037E50064D2F6 /* Debug */ = {
			isa = XCBuildConfiguration;
			buildSettings = {
				ASSETCATALOG_COMPILER_APPICON_NAME = AppIcon;
				ASSETCATALOG_COMPILER_GLOBAL_ACCENT_COLOR_NAME = AccentColor;
				CODE_SIGN_STYLE = Automatic;
				CURRENT_PROJECT_VERSION = 1;
				DEVELOPMENT_ASSET_PATHS = "\"FixSmart/Preview Content\"";
				ENABLE_PREVIEWS = YES;
				GENERATE_INFOPLIST_FILE = YES;
				INFOPLIST_KEY_UIApplicationSceneManifest_Generation = YES;
				INFOPLIST_KEY_UIApplicationSupportsIndirectInputEvents = YES;
				INFOPLIST_KEY_UILaunchScreen_Generation = YES;
				INFOPLIST_KEY_UISupportedInterfaceOrientations_iPad = "UIInterfaceOrientationPortrait UIInterfaceOrientationPortraitUpsideDown UIInterfaceOrientationLandscapeLeft UIInterfaceOrientationLandscapeRight";
				INFOPLIST_KEY_UISupportedInterfaceOrientations_iPhone = "UIInterfaceOrientationPortrait UIInterfaceOrientationLandscapeLeft UIInterfaceOrientationLandscapeRight";
				INFOPLIST_KEY_NSLocationWhenInUseUsageDescription = "FixMosselBay needs access to your location to accurately report municipal issues.";
				INFOPLIST_KEY_NSCameraUsageDescription = "FixMosselBay needs access to your camera to take photos of municipal issues.";
				INFOPLIST_KEY_NSPhotoLibraryUsageDescription = "FixMosselBay needs access to your photo library to select photos of municipal issues.";
				LD_RUNPATH_SEARCH_PATHS = (
					"$(inherited)",
					"@executable_path/Frameworks",
				);
				MARKETING_VERSION = 1.0;
				PRODUCT_BUNDLE_IDENTIFIER = com.slangatech.FixSmart;
				PRODUCT_NAME = "$(TARGET_NAME)";
				SWIFT_EMIT_LOC_STRINGS = YES;
				SWIFT_VERSION = 5.0;
				TARGETED_DEVICE_FAMILY = "1,2";
			};
			name = Debug;
		};
		046F361E2E6037E50064D2F6 /* Release */ = {
			isa = XCBuildConfiguration;
			buildSettings = {
				ASSETCATALOG_COMPILER_APPICON_NAME = AppIcon;
				ASSETCATALOG_COMPILER_GLOBAL_ACCENT_COLOR_NAME = AccentColor;
				CODE_SIGN_STYLE = Automatic;
				CURRENT_PROJECT_VERSION = 1;
				DEVELOPMENT_ASSET_PATHS = "\"FixSmart/Preview Content\"";
				ENABLE_PREVIEWS = YES;
				GENERATE_INFOPLIST_FILE = YES;
				INFOPLIST_KEY_UIApplicationSceneManifest_Generation = YES;
				INFOPLIST_KEY_UIApplicationSupportsIndirectInputEvents = YES;
				INFOPLIST_KEY_UILaunchScreen_Generation = YES;
				INFOPLIST_KEY_UISupportedInterfaceOrientations_iPad = "UIInterfaceOrientationPortrait UIInterfaceOrientationPortraitUpsideDown UIInterfaceOrientationLandscapeLeft UIInterfaceOrientationLandscapeRight";
				INFOPLIST_KEY_UISupportedInterfaceOrientations_iPhone = "UIInterfaceOrientationPortrait UIInterfaceOrientationLandscapeLeft UIInterfaceOrientationLandscapeRight";
				INFOPLIST_KEY_NSLocationWhenInUseUsageDescription = "FixMosselBay needs access to your location to accurately report municipal issues.";
				INFOPLIST_KEY_NSCameraUsageDescription = "FixMosselBay needs access to your camera to take photos of municipal issues.";
				INFOPLIST_KEY_NSPhotoLibraryUsageDescription = "FixMosselBay needs access to your photo library to select photos of municipal issues.";
				LD_RUNPATH_SEARCH_PATHS = (
					"$(inherited)",
					"@executable_path/Frameworks",
				);
				MARKETING_VERSION = 1.0;
				PRODUCT_BUNDLE_IDENTIFIER = com.slangatech.FixSmart;
				PRODUCT_NAME = "$(TARGET_NAME)";
				SWIFT_EMIT_LOC_STRINGS = YES;
				SWIFT_VERSION = 5.0;
				TARGETED_DEVICE_FAMILY = "1,2";
			};
			name = Release;
		};
		046F36202E6037E50064D2F6 /* Debug */ = {
			isa = XCBuildConfiguration;
			buildSettings = {
				ALWAYS_EMBED_SWIFT_STANDARD_LIBRARIES = YES;
				BUNDLE_LOADER = "$(TEST_HOST)";
				CODE_SIGN_STYLE = Automatic;
				CURRENT_PROJECT_VERSION = 1;
				GENERATE_INFOPLIST_FILE = YES;
				IPHONEOS_DEPLOYMENT_TARGET = 15.2;
				MARKETING_VERSION = 1.0;
				PRODUCT_BUNDLE_IDENTIFIER = com.slangatech.FixSmartTests;
				PRODUCT_NAME = "$(TARGET_NAME)";
				SWIFT_EMIT_LOC_STRINGS = NO;
				SWIFT_VERSION = 5.0;
				TARGETED_DEVICE_FAMILY = "1,2";
				TEST_HOST = "$(BUILT_PRODUCTS_DIR)/FixSmart.app/FixSmart";
			};
			name = Debug;
		};
		046F36212E6037E50064D2F6 /* Release */ = {
			isa = XCBuildConfiguration;
			buildSettings = {
				ALWAYS_EMBED_SWIFT_STANDARD_LIBRARIES = YES;
				BUNDLE_LOADER = "$(TEST_HOST)";
				CODE_SIGN_STYLE = Automatic;
				CURRENT_PROJECT_VERSION = 1;
				GENERATE_INFOPLIST_FILE = YES;
				IPHONEOS_DEPLOYMENT_TARGET = 15.2;
				MARKETING_VERSION = 1.0;
				PRODUCT_BUNDLE_IDENTIFIER = com.slangatech.FixSmartTests;
				PRODUCT_NAME = "$(TARGET_NAME)";
				SWIFT_EMIT_LOC_STRINGS = NO;
				SWIFT_VERSION = 5.0;
				TARGETED_DEVICE_FAMILY = "1,2";
				TEST_HOST = "$(BUILT_PRODUCTS_DIR)/FixSmart.app/FixSmart";
			};
			name = Release;
		};
		046F36232E6037E50064D2F6 /* Debug */ = {
			isa = XCBuildConfiguration;
			buildSettings = {
				ALWAYS_EMBED_SWIFT_STANDARD_LIBRARIES = YES;
				CODE_SIGN_STYLE = Automatic;
				CURRENT_PROJECT_VERSION = 1;
				GENERATE_INFOPLIST_FILE = YES;
				MARKETING_VERSION = 1.0;
				PRODUCT_BUNDLE_IDENTIFIER = com.slangatech.FixSmartUITests;
				PRODUCT_NAME = "$(TARGET_NAME)";
				SWIFT_EMIT_LOC_STRINGS = NO;
				SWIFT_VERSION = 5.0;
				TARGETED_DEVICE_FAMILY = "1,2";
				TEST_TARGET_NAME = FixSmart;
			};
			name = Debug;
		};
		046F36242E6037E50064D2F6 /* Release */ = {
			isa = XCBuildConfiguration;
			buildSettings = {
				ALWAYS_EMBED_SWIFT_STANDARD_LIBRARIES = YES;
				CODE_SIGN_STYLE = Automatic;
				CURRENT_PROJECT_VERSION = 1;
				GENERATE_INFOPLIST_FILE = YES;
				MARKETING_VERSION = 1.0;
				PRODUCT_BUNDLE_IDENTIFIER = com.slangatech.FixSmartUITests;
				PRODUCT_NAME = "$(TARGET_NAME)";
				SWIFT_EMIT_LOC_STRINGS = NO;
				SWIFT_VERSION = 5.0;
				TARGETED_DEVICE_FAMILY = "1,2";
				TEST_TARGET_NAME = FixSmart;
			};
			name = Release;
		};
/* End XCBuildConfiguration section */

/* Begin XCConfigurationList section */
		046F35EE2E6037DB0064D2F6 /* Build configuration list for PBXProject "FixSmart" */ = {
			isa = XCConfigurationList;
			buildConfigurations = (
				046F361A2E6037E50064D2F6 /* Debug */,
				046F361B2E6037E50064D2F6 /* Release */,
			);
			defaultConfigurationIsVisible = 0;
			defaultConfigurationName = Release;
		};
		046F361C2E6037E50064D2F6 /* Build configuration list for PBXNativeTarget "FixSmart" */ = {
			isa = XCConfigurationList;
			buildConfigurations = (
				046F361D2E6037E50064D2F6 /* Debug */,
				046F361E2E6037E50064D2F6 /* Release */,
			);
			defaultConfigurationIsVisible = 0;
			defaultConfigurationName = Release;
		};
		046F361F2E6037E50064D2F6 /* Build configuration list for PBXNativeTarget "FixSmartTests" */ = {
			isa = XCConfigurationList;
			buildConfigurations = (
				046F36202E6037E50064D2F6 /* Debug */,
				046F36212E6037E50064D2F6 /* Release */,
			);
			defaultConfigurationIsVisible = 0;
			defaultConfigurationName = Release;
		};
		046F36222E6037E50064D2F6 /* Build configuration list for PBXNativeTarget "FixSmartUITests" */ = {
			isa = XCConfigurationList;
			buildConfigurations = (
				046F36232E6037E50064D2F6 /* Debug */,
				046F36242E6037E50064D2F6 /* Release */,
			);
			defaultConfigurationIsVisible = 0;
			defaultConfigurationName = Release;
		};
/* End XCConfigurationList section */

/* Begin XCVersionGroup section */
		046F36012E6037E30064D2F6 /* FixSmart.xcdatamodeld */ = {
			isa = XCVersionGroup;
			children = (
				046F36022E6037E30064D2F6 /* FixSmart.xcdatamodel */,
			);
			currentVersion = 046F36022E6037E30064D2F6 /* FixSmart.xcdatamodel */;
			path = FixSmart.xcdatamodeld;
			sourceTree = "<group>";
			versionGroupType = wrapper.xcdatamodel;
		};
/* End XCVersionGroup section */
	};
	rootObject = 046F35EB2E6037DB0064D2F6 /* Project object */;
}
